
Microsoft Visual Studio Solution File, Format Version 12.00
# Visual Studio Version 16
VisualStudioVersion = 25.0.1703.0
MinimumVisualStudioVersion = 10.0.40219.1
Project("{FAE04EC0-301F-11D3-BF4B-00C04F79EFBC}") = "School.REST", "src\School.REST\School.REST.csproj", "{E3DCBB44-592C-42F0-8456-2F669D1EC996}"
EndProject
Project("{FAE04EC0-301F-11D3-BF4B-00C04F79EFBC}") = "School.DAL", "src\School.DAL\School.DAL.csproj", "{97FF5300-922A-4D06-A018-C5B147A55108}"
EndProject
Project("{FAE04EC0-301F-11D3-BF4B-00C04F79EFBC}") = "School.Models", "src\School.Models\School.Models.csproj", "{BB19936A-9BD7-408C-B3D4-4BBE45FD8E4F}"
EndProject
Project("{FAE04EC0-301F-11D3-BF4B-00C04F79EFBC}") = "School.BL", "src\School.BL\School.BL.csproj", "{C531BA83-BCEE-41E5-B643-B61219CE1CE1}"
EndProject
Global
	GlobalSection(SolutionConfigurationPlatforms) = preSolution
		Debug|Any CPU = Debug|Any CPU
		Release|Any CPU = Release|Any CPU
	EndGlobalSection
	GlobalSection(ProjectConfigurationPlatforms) = postSolution
		{E3DCBB44-592C-42F0-8456-2F669D1EC996}.Debug|Any CPU.ActiveCfg = Debug|Any CPU
		{E3DCBB44-592C-42F0-8456-2F669D1EC996}.Debug|Any CPU.Build.0 = Debug|Any CPU
		{E3DCBB44-592C-42F0-8456-2F669D1EC996}.Release|Any CPU.ActiveCfg = Release|Any CPU
		{E3DCBB44-592C-42F0-8456-2F669D1EC996}.Release|Any CPU.Build.0 = Release|Any CPU
		{97FF5300-922A-4D06-A018-C5B147A55108}.Debug|Any CPU.ActiveCfg = Debug|Any CPU
		{97FF5300-922A-4D06-A018-C5B147A55108}.Debug|Any CPU.Build.0 = Debug|Any CPU
		{97FF5300-922A-4D06-A018-C5B147A55108}.Release|Any CPU.ActiveCfg = Release|Any CPU
		{97FF5300-922A-4D06-A018-C5B147A55108}.Release|Any CPU.Build.0 = Release|Any CPU
		{BB19936A-9BD7-408C-B3D4-4BBE45FD8E4F}.Debug|Any CPU.ActiveCfg = Debug|Any CPU
		{BB19936A-9BD7-408C-B3D4-4BBE45FD8E4F}.Debug|Any CPU.Build.0 = Debug|Any CPU
		{BB19936A-9BD7-408C-B3D4-4BBE45FD8E4F}.Release|Any CPU.ActiveCfg = Release|Any CPU
		{BB19936A-9BD7-408C-B3D4-4BBE45FD8E4F}.Release|Any CPU.Build.0 = Release|Any CPU
		{C531BA83-BCEE-41E5-B643-B61219CE1CE1}.Debug|Any CPU.ActiveCfg = Debug|Any CPU
		{C531BA83-BCEE-41E5-B643-B61219CE1CE1}.Debug|Any CPU.Build.0 = Debug|Any CPU
		{C531BA83-BCEE-41E5-B643-B61219CE1CE1}.Release|Any CPU.ActiveCfg = Release|Any CPU
		{C531BA83-BCEE-41E5-B643-B61219CE1CE1}.Release|Any CPU.Build.0 = Release|Any CPU
	EndGlobalSection
	GlobalSection(SolutionProperties) = preSolution
		HideSolutionNode = FALSE
	EndGlobalSection
	GlobalSection(ExtensibilityGlobals) = postSolution
		SolutionGuid = {6507DD36-20D4-43F7-9D42-313FDA0A4E4E}
	EndGlobalSection
EndGlobal
